
Microsoft Visual Studio Solution File, Format Version 12.00
# Visual Studio Version 17
VisualStudioVersion = 17.0.31903.59
MinimumVisualStudioVersion = 10.0.40219.1
Project("{9A19103F-16F7-4668-BE54-9A1E7A4F7556}") = "FastFetcher.API", "FastFetcher.API\FastFetcher.API.csproj", "{CE7612CD-07E9-42E6-A3EC-C28377754757}"
EndProject
Project("{2150E333-8FDC-42A3-9474-1A3956D46DE8}") = "Misc", "Misc", "{F0B81389-110D-4AD4-85AE-D7CC8718C7CE}"
	ProjectSection(SolutionItems) = preProject
		.gitignore = .gitignore
		LICENSE.md = LICENSE.md
		README.md = README.md
	EndProjectSection
EndProject
Project("{54A90642-561A-4BB1-A94E-469ADEE60C69}") = "FastFetcher.Client", "FastFetcher.Client\FastFetcher.Client.esproj", "{6696AF13-8C0B-4471-A792-D202742F17B4}"
EndProject
Global
	GlobalSection(SolutionConfigurationPlatforms) = preSolution
		Debug|Any CPU = Debug|Any CPU
		Release|Any CPU = Release|Any CPU
	EndGlobalSection
	GlobalSection(ProjectConfigurationPlatforms) = postSolution
		{CE7612CD-07E9-42E6-A3EC-C28377754757}.Debug|Any CPU.ActiveCfg = Debug|Any CPU
		{CE7612CD-07E9-42E6-A3EC-C28377754757}.Debug|Any CPU.Build.0 = Debug|Any CPU
		{CE7612CD-07E9-42E6-A3EC-C28377754757}.Release|Any CPU.ActiveCfg = Release|Any CPU
		{CE7612CD-07E9-42E6-A3EC-C28377754757}.Release|Any CPU.Build.0 = Release|Any CPU
		{6696AF13-8C0B-4471-A792-D202742F17B4}.Debug|Any CPU.ActiveCfg = Debug|Any CPU
		{6696AF13-8C0B-4471-A792-D202742F17B4}.Debug|Any CPU.Build.0 = Debug|Any CPU
		{6696AF13-8C0B-4471-A792-D202742F17B4}.Debug|Any CPU.Deploy.0 = Debug|Any CPU
		{6696AF13-8C0B-4471-A792-D202742F17B4}.Release|Any CPU.ActiveCfg = Release|Any CPU
		{6696AF13-8C0B-4471-A792-D202742F17B4}.Release|Any CPU.Build.0 = Release|Any CPU
		{6696AF13-8C0B-4471-A792-D202742F17B4}.Release|Any CPU.Deploy.0 = Release|Any CPU
	EndGlobalSection
	GlobalSection(SolutionProperties) = preSolution
		HideSolutionNode = FALSE
	EndGlobalSection
	GlobalSection(ExtensibilityGlobals) = postSolution
		SolutionGuid = {39A77B4E-D8B7-4EA6-B35C-39D4AD058E93}
	EndGlobalSection
EndGlobal
